// !$*UTF8*$!
{
	archiveVersion = 1;
	classes = {
	};
	objectVersion = 55;
	objects = {

/* Begin PBXBuildFile section */
		8C3717F62778A630008DDC35 /* Networking in Frameworks */ = {isa = PBXBuildFile; productRef = 8C3717F52778A630008DDC35 /* Networking */; };
		8C44F52F279447CA002B22A3 /* ServiceLocator in Frameworks */ = {isa = PBXBuildFile; productRef = 8C44F52E279447CA002B22A3 /* ServiceLocator */; };
		8C57E8D0279475B7003E8A86 /* Array.swift in Sources */ = {isa = PBXBuildFile; fileRef = 8C57E8CF279475B7003E8A86 /* Array.swift */; };
		8C57E8D227948176003E8A86 /* ArticlesListView.swift in Sources */ = {isa = PBXBuildFile; fileRef = 8C57E8D127948176003E8A86 /* ArticlesListView.swift */; };
		8C57E8D42794831E003E8A86 /* BlogView.swift in Sources */ = {isa = PBXBuildFile; fileRef = 8C57E8D32794831E003E8A86 /* BlogView.swift */; };
		8C57E8D627948339003E8A86 /* BlogsListView.swift in Sources */ = {isa = PBXBuildFile; fileRef = 8C57E8D527948339003E8A86 /* BlogsListView.swift */; };
		8C57E8D82794835A003E8A86 /* BlogDetailView.swift in Sources */ = {isa = PBXBuildFile; fileRef = 8C57E8D72794835A003E8A86 /* BlogDetailView.swift */; };
		8C57E8DA279483B2003E8A86 /* ReportView.swift in Sources */ = {isa = PBXBuildFile; fileRef = 8C57E8D9279483B2003E8A86 /* ReportView.swift */; };
		8C57E8DC279483C8003E8A86 /* ReportsListView.swift in Sources */ = {isa = PBXBuildFile; fileRef = 8C57E8DB279483C8003E8A86 /* ReportsListView.swift */; };
		8C57E8DE279483E5003E8A86 /* ReportDetailView.swift in Sources */ = {isa = PBXBuildFile; fileRef = 8C57E8DD279483E5003E8A86 /* ReportDetailView.swift */; };
		8C57E8E02794853F003E8A86 /* BackToNewsButtonView.swift in Sources */ = {isa = PBXBuildFile; fileRef = 8C57E8DF2794853F003E8A86 /* BackToNewsButtonView.swift */; };
		8C57E8E2279486EA003E8A86 /* ReadMoreButtonView.swift in Sources */ = {isa = PBXBuildFile; fileRef = 8C57E8E1279486EA003E8A86 /* ReadMoreButtonView.swift */; };
		8C63299B277BAC9100FEA414 /* Configurator.swift in Sources */ = {isa = PBXBuildFile; fileRef = 8C63299A277BAC9100FEA414 /* Configurator.swift */; };
		8C64E87C2778FD2300B9C1B2 /* Navigation in Frameworks */ = {isa = PBXBuildFile; productRef = 8C64E87B2778FD2300B9C1B2 /* Navigation */; };
		8C64E87E2779001C00B9C1B2 /* ArticleView.swift in Sources */ = {isa = PBXBuildFile; fileRef = 8C64E87D2779001C00B9C1B2 /* ArticleView.swift */; };
		8C64E8802779051700B9C1B2 /* ArticleDetailView.swift in Sources */ = {isa = PBXBuildFile; fileRef = 8C64E87F2779051700B9C1B2 /* ArticleDetailView.swift */; };
		8C6EF2BF2793246200B4DEFE /* UIComponents in Frameworks */ = {isa = PBXBuildFile; productRef = 8C6EF2BE2793246200B4DEFE /* UIComponents */; };
		8C8372492794535500883024 /* AnyCodable in Frameworks */ = {isa = PBXBuildFile; productRef = 8C8372482794535500883024 /* AnyCodable */; };
		8CAB6669276F407100DDBAB2 /* AppSUI04HWApp.swift in Sources */ = {isa = PBXBuildFile; fileRef = 8CAB6668276F407100DDBAB2 /* AppSUI04HWApp.swift */; };
		8CAB666B276F407100DDBAB2 /* NewsView.swift in Sources */ = {isa = PBXBuildFile; fileRef = 8CAB666A276F407100DDBAB2 /* NewsView.swift */; };
		8CAB666D276F407100DDBAB2 /* Assets.xcassets in Resources */ = {isa = PBXBuildFile; fileRef = 8CAB666C276F407100DDBAB2 /* Assets.xcassets */; };
		8CAB6670276F407100DDBAB2 /* Preview Assets.xcassets in Resources */ = {isa = PBXBuildFile; fileRef = 8CAB666F276F407100DDBAB2 /* Preview Assets.xcassets */; };
		8CAB667D276F676A00DDBAB2 /* NewsViewModel.swift in Sources */ = {isa = PBXBuildFile; fileRef = 8CAB667C276F676A00DDBAB2 /* NewsViewModel.swift */; };
		8CDDF05D27973A9600E4CEA1 /* LoadingIndicatorModifier.swift in Sources */ = {isa = PBXBuildFile; fileRef = 8CDDF05C27973A9600E4CEA1 /* LoadingIndicatorModifier.swift */; };
		8CDDF05F27974FD600E4CEA1 /* ConditionalViewModifier.swift in Sources */ = {isa = PBXBuildFile; fileRef = 8CDDF05E27974FD600E4CEA1 /* ConditionalViewModifier.swift */; };
		8CDDF061279755DF00E4CEA1 /* ActionButtonStyle.swift in Sources */ = {isa = PBXBuildFile; fileRef = 8CDDF060279755DF00E4CEA1 /* ActionButtonStyle.swift */; };
/* End PBXBuildFile section */

/* Begin PBXFileReference section */
		8C57E8CF279475B7003E8A86 /* Array.swift */ = {isa = PBXFileReference; lastKnownFileType = sourcecode.swift; path = Array.swift; sourceTree = "<group>"; };
		8C57E8D127948176003E8A86 /* ArticlesListView.swift */ = {isa = PBXFileReference; lastKnownFileType = sourcecode.swift; path = ArticlesListView.swift; sourceTree = "<group>"; };
		8C57E8D32794831E003E8A86 /* BlogView.swift */ = {isa = PBXFileReference; lastKnownFileType = sourcecode.swift; path = BlogView.swift; sourceTree = "<group>"; };
		8C57E8D527948339003E8A86 /* BlogsListView.swift */ = {isa = PBXFileReference; lastKnownFileType = sourcecode.swift; path = BlogsListView.swift; sourceTree = "<group>"; };
		8C57E8D72794835A003E8A86 /* BlogDetailView.swift */ = {isa = PBXFileReference; lastKnownFileType = sourcecode.swift; path = BlogDetailView.swift; sourceTree = "<group>"; };
		8C57E8D9279483B2003E8A86 /* ReportView.swift */ = {isa = PBXFileReference; lastKnownFileType = sourcecode.swift; path = ReportView.swift; sourceTree = "<group>"; };
		8C57E8DB279483C8003E8A86 /* ReportsListView.swift */ = {isa = PBXFileReference; lastKnownFileType = sourcecode.swift; path = ReportsListView.swift; sourceTree = "<group>"; };
		8C57E8DD279483E5003E8A86 /* ReportDetailView.swift */ = {isa = PBXFileReference; lastKnownFileType = sourcecode.swift; path = ReportDetailView.swift; sourceTree = "<group>"; };
		8C57E8DF2794853F003E8A86 /* BackToNewsButtonView.swift */ = {isa = PBXFileReference; lastKnownFileType = sourcecode.swift; path = BackToNewsButtonView.swift; sourceTree = "<group>"; };
		8C57E8E1279486EA003E8A86 /* ReadMoreButtonView.swift */ = {isa = PBXFileReference; lastKnownFileType = sourcecode.swift; path = ReadMoreButtonView.swift; sourceTree = "<group>"; };
		8C632997277BA81E00FEA414 /* ServiceLocator */ = {isa = PBXFileReference; lastKnownFileType = text; name = ServiceLocator; path = modules/ServiceLocator; sourceTree = SOURCE_ROOT; };
		8C63299A277BAC9100FEA414 /* Configurator.swift */ = {isa = PBXFileReference; lastKnownFileType = sourcecode.swift; path = Configurator.swift; sourceTree = "<group>"; };
		8C64E8762778FC7E00B9C1B2 /* modules */ = {isa = PBXFileReference; lastKnownFileType = folder; path = modules; sourceTree = "<group>"; };
		8C64E87A2778FCF700B9C1B2 /* Navigation */ = {isa = PBXFileReference; lastKnownFileType = text; name = Navigation; path = modules/Navigation; sourceTree = SOURCE_ROOT; };
		8C64E87D2779001C00B9C1B2 /* ArticleView.swift */ = {isa = PBXFileReference; lastKnownFileType = sourcecode.swift; path = ArticleView.swift; sourceTree = "<group>"; };
		8C64E87F2779051700B9C1B2 /* ArticleDetailView.swift */ = {isa = PBXFileReference; lastKnownFileType = sourcecode.swift; path = ArticleDetailView.swift; sourceTree = "<group>"; };
		8C837246279449CE00883024 /* AppSUI04HW.app */ = {isa = PBXFileReference; explicitFileType = wrapper.application; includeInIndex = 0; path = AppSUI04HW.app; sourceTree = BUILT_PRODUCTS_DIR; };
		8CA2A90A27750B9B00044C48 /* Networking */ = {isa = PBXFileReference; lastKnownFileType = text; name = Networking; path = modules/Networking; sourceTree = SOURCE_ROOT; };
		8CAB6668276F407100DDBAB2 /* AppSUI04HWApp.swift */ = {isa = PBXFileReference; lastKnownFileType = sourcecode.swift; path = AppSUI04HWApp.swift; sourceTree = "<group>"; };
		8CAB666A276F407100DDBAB2 /* NewsView.swift */ = {isa = PBXFileReference; lastKnownFileType = sourcecode.swift; path = NewsView.swift; sourceTree = "<group>"; };
		8CAB666C276F407100DDBAB2 /* Assets.xcassets */ = {isa = PBXFileReference; lastKnownFileType = folder.assetcatalog; path = Assets.xcassets; sourceTree = "<group>"; };
		8CAB666F276F407100DDBAB2 /* Preview Assets.xcassets */ = {isa = PBXFileReference; lastKnownFileType = folder.assetcatalog; path = "Preview Assets.xcassets"; sourceTree = "<group>"; };
		8CAB667C276F676A00DDBAB2 /* NewsViewModel.swift */ = {isa = PBXFileReference; lastKnownFileType = sourcecode.swift; path = NewsViewModel.swift; sourceTree = "<group>"; };
		8CAB667E276FC38600DDBAB2 /* UIComponents */ = {isa = PBXFileReference; lastKnownFileType = text; name = UIComponents; path = modules/UIComponents; sourceTree = SOURCE_ROOT; };
		8CDDF05C27973A9600E4CEA1 /* LoadingIndicatorModifier.swift */ = {isa = PBXFileReference; lastKnownFileType = sourcecode.swift; path = LoadingIndicatorModifier.swift; sourceTree = "<group>"; };
		8CDDF05E27974FD600E4CEA1 /* ConditionalViewModifier.swift */ = {isa = PBXFileReference; lastKnownFileType = sourcecode.swift; path = ConditionalViewModifier.swift; sourceTree = "<group>"; };
		8CDDF060279755DF00E4CEA1 /* ActionButtonStyle.swift */ = {isa = PBXFileReference; lastKnownFileType = sourcecode.swift; path = ActionButtonStyle.swift; sourceTree = "<group>"; };
/* End PBXFileReference section */

/* Begin PBXFrameworksBuildPhase section */
		8CAB6662276F407000DDBAB2 /* Frameworks */ = {
			isa = PBXFrameworksBuildPhase;
			buildActionMask = 2147483647;
			files = (
				8C6EF2BF2793246200B4DEFE /* UIComponents in Frameworks */,
				8C3717F62778A630008DDC35 /* Networking in Frameworks */,
				8C64E87C2778FD2300B9C1B2 /* Navigation in Frameworks */,
				8C44F52F279447CA002B22A3 /* ServiceLocator in Frameworks */,
				8C8372492794535500883024 /* AnyCodable in Frameworks */,
			);
			runOnlyForDeploymentPostprocessing = 0;
		};
/* End PBXFrameworksBuildPhase section */

/* Begin PBXGroup section */
		8C52B08D27945464000DC3E2 /* Frameworks */ = {
			isa = PBXGroup;
			children = (
			);
			name = Frameworks;
			sourceTree = "<group>";
		};
		8C57E8CE2794759C003E8A86 /* Extensions */ = {
			isa = PBXGroup;
			children = (
				8C57E8CF279475B7003E8A86 /* Array.swift */,
				8CDDF05C27973A9600E4CEA1 /* LoadingIndicatorModifier.swift */,
				8CDDF05E27974FD600E4CEA1 /* ConditionalViewModifier.swift */,
			);
			path = Extensions;
			sourceTree = "<group>";
		};
		8C64E8752778FC7E00B9C1B2 /* Packages */ = {
			isa = PBXGroup;
			children = (
				8C64E8762778FC7E00B9C1B2 /* modules */,
			);
			name = Packages;
			sourceTree = "<group>";
		};
		8CAB665C276F407000DDBAB2 = {
			isa = PBXGroup;
			children = (
				8C64E8752778FC7E00B9C1B2 /* Packages */,
				8CAB6667276F407100DDBAB2 /* AppSUI04HW */,
				8C837246279449CE00883024 /* AppSUI04HW.app */,
				8C52B08D27945464000DC3E2 /* Frameworks */,
			);
			sourceTree = "<group>";
		};
		8CAB6667276F407100DDBAB2 /* AppSUI04HW */ = {
			isa = PBXGroup;
			children = (
				8C632997277BA81E00FEA414 /* ServiceLocator */,
				8C64E87A2778FCF700B9C1B2 /* Navigation */,
				8CA2A90A27750B9B00044C48 /* Networking */,
				8CAB667E276FC38600DDBAB2 /* UIComponents */,
				8C57E8CE2794759C003E8A86 /* Extensions */,
				8CAB6668276F407100DDBAB2 /* AppSUI04HWApp.swift */,
				8CAB666A276F407100DDBAB2 /* NewsView.swift */,
				8CAB667C276F676A00DDBAB2 /* NewsViewModel.swift */,
				8C64E87D2779001C00B9C1B2 /* ArticleView.swift */,
				8C57E8D127948176003E8A86 /* ArticlesListView.swift */,
				8C64E87F2779051700B9C1B2 /* ArticleDetailView.swift */,
				8C57E8D32794831E003E8A86 /* BlogView.swift */,
				8C57E8D527948339003E8A86 /* BlogsListView.swift */,
				8C57E8D72794835A003E8A86 /* BlogDetailView.swift */,
				8C57E8D9279483B2003E8A86 /* ReportView.swift */,
				8C57E8DB279483C8003E8A86 /* ReportsListView.swift */,
				8C57E8DD279483E5003E8A86 /* ReportDetailView.swift */,
				8C57E8E1279486EA003E8A86 /* ReadMoreButtonView.swift */,
				8C57E8DF2794853F003E8A86 /* BackToNewsButtonView.swift */,
				8CDDF060279755DF00E4CEA1 /* ActionButtonStyle.swift */,
				8C63299A277BAC9100FEA414 /* Configurator.swift */,
				8CAB666C276F407100DDBAB2 /* Assets.xcassets */,
				8CAB666E276F407100DDBAB2 /* Preview Content */,
			);
			path = AppSUI04HW;
			sourceTree = "<group>";
		};
		8CAB666E276F407100DDBAB2 /* Preview Content */ = {
			isa = PBXGroup;
			children = (
				8CAB666F276F407100DDBAB2 /* Preview Assets.xcassets */,
			);
			path = "Preview Content";
			sourceTree = "<group>";
		};
/* End PBXGroup section */

/* Begin PBXNativeTarget section */
		8CAB6664276F407000DDBAB2 /* AppSUI04HW */ = {
			isa = PBXNativeTarget;
			buildConfigurationList = 8CAB6673276F407100DDBAB2 /* Build configuration list for PBXNativeTarget "AppSUI04HW" */;
			buildPhases = (
				8CAB6661276F407000DDBAB2 /* Sources */,
				8CAB6662276F407000DDBAB2 /* Frameworks */,
				8CAB6663276F407000DDBAB2 /* Resources */,
			);
			buildRules = (
			);
			dependencies = (
			);
			name = AppSUI04HW;
			packageProductDependencies = (
				8C64E87B2778FD2300B9C1B2 /* Navigation */,
				8C3717F52778A630008DDC35 /* Networking */,
				8C6EF2BE2793246200B4DEFE /* UIComponents */,
				8C44F52E279447CA002B22A3 /* ServiceLocator */,
				8C8372482794535500883024 /* AnyCodable */,
			);
			productName = AppSUI02HW;
			productReference = 8C837246279449CE00883024 /* AppSUI04HW.app */;
			productType = "com.apple.product-type.application";
		};
/* End PBXNativeTarget section */

/* Begin PBXProject section */
		8CAB665D276F407000DDBAB2 /* Project object */ = {
			isa = PBXProject;
			attributes = {
				BuildIndependentTargetsInParallel = 1;
				LastSwiftUpdateCheck = 1320;
				LastUpgradeCheck = 1320;
				TargetAttributes = {
					8CAB6664276F407000DDBAB2 = {
						CreatedOnToolsVersion = 13.2.1;
					};
				};
			};
			buildConfigurationList = 8CAB6660276F407000DDBAB2 /* Build configuration list for PBXProject "AppSUI04HW" */;
			compatibilityVersion = "Xcode 13.0";
			developmentRegion = en;
			hasScannedForEncodings = 0;
			knownRegions = (
				en,
				Base,
			);
			mainGroup = 8CAB665C276F407000DDBAB2;
			packageReferences = (
				8C8372472794535500883024 /* XCRemoteSwiftPackageReference "AnyCodable" */,
			);
			productRefGroup = 8CAB665C276F407000DDBAB2;
			projectDirPath = "";
			projectRoot = "";
			targets = (
				8CAB6664276F407000DDBAB2 /* AppSUI04HW */,
			);
		};
/* End PBXProject section */

/* Begin PBXResourcesBuildPhase section */
		8CAB6663276F407000DDBAB2 /* Resources */ = {
			isa = PBXResourcesBuildPhase;
			buildActionMask = 2147483647;
			files = (
				8CAB6670276F407100DDBAB2 /* Preview Assets.xcassets in Resources */,
				8CAB666D276F407100DDBAB2 /* Assets.xcassets in Resources */,
			);
			runOnlyForDeploymentPostprocessing = 0;
		};
/* End PBXResourcesBuildPhase section */

/* Begin PBXSourcesBuildPhase section */
		8CAB6661276F407000DDBAB2 /* Sources */ = {
			isa = PBXSourcesBuildPhase;
			buildActionMask = 2147483647;
			files = (
				8C57E8D627948339003E8A86 /* BlogsListView.swift in Sources */,
				8CDDF05D27973A9600E4CEA1 /* LoadingIndicatorModifier.swift in Sources */,
				8CAB666B276F407100DDBAB2 /* NewsView.swift in Sources */,
				8C57E8DA279483B2003E8A86 /* ReportView.swift in Sources */,
				8CDDF05F27974FD600E4CEA1 /* ConditionalViewModifier.swift in Sources */,
				8C57E8DC279483C8003E8A86 /* ReportsListView.swift in Sources */,
				8CAB667D276F676A00DDBAB2 /* NewsViewModel.swift in Sources */,
				8C57E8DE279483E5003E8A86 /* ReportDetailView.swift in Sources */,
				8C57E8D0279475B7003E8A86 /* Array.swift in Sources */,
				8CAB6669276F407100DDBAB2 /* AppSUI04HWApp.swift in Sources */,
				8C57E8D227948176003E8A86 /* ArticlesListView.swift in Sources */,
				8C57E8E2279486EA003E8A86 /* ReadMoreButtonView.swift in Sources */,
				8C57E8E02794853F003E8A86 /* BackToNewsButtonView.swift in Sources */,
				8C64E8802779051700B9C1B2 /* ArticleDetailView.swift in Sources */,
				8C63299B277BAC9100FEA414 /* Configurator.swift in Sources */,
				8CDDF061279755DF00E4CEA1 /* ActionButtonStyle.swift in Sources */,
				8C57E8D42794831E003E8A86 /* BlogView.swift in Sources */,
				8C57E8D82794835A003E8A86 /* BlogDetailView.swift in Sources */,
				8C64E87E2779001C00B9C1B2 /* ArticleView.swift in Sources */,
			);
			runOnlyForDeploymentPostprocessing = 0;
		};
/* End PBXSourcesBuildPhase section */

/* Begin XCBuildConfiguration section */
		8CAB6671276F407100DDBAB2 /* Debug */ = {
			isa = XCBuildConfiguration;
			buildSettings = {
				ALWAYS_SEARCH_USER_PATHS = NO;
				CLANG_ANALYZER_NONNULL = YES;
				CLANG_ANALYZER_NUMBER_OBJECT_CONVERSION = YES_AGGRESSIVE;
				CLANG_CXX_LANGUAGE_STANDARD = "gnu++17";
				CLANG_CXX_LIBRARY = "libc++";
				CLANG_ENABLE_MODULES = YES;
				CLANG_ENABLE_OBJC_ARC = YES;
				CLANG_ENABLE_OBJC_WEAK = YES;
				CLANG_WARN_BLOCK_CAPTURE_AUTORELEASING = YES;
				CLANG_WARN_BOOL_CONVERSION = YES;
				CLANG_WARN_COMMA = YES;
				CLANG_WARN_CONSTANT_CONVERSION = YES;
				CLANG_WARN_DEPRECATED_OBJC_IMPLEMENTATIONS = YES;
				CLANG_WARN_DIRECT_OBJC_ISA_USAGE = YES_ERROR;
				CLANG_WARN_DOCUMENTATION_COMMENTS = YES;
				CLANG_WARN_EMPTY_BODY = YES;
				CLANG_WARN_ENUM_CONVERSION = YES;
				CLANG_WARN_INFINITE_RECURSION = YES;
				CLANG_WARN_INT_CONVERSION = YES;
				CLANG_WARN_NON_LITERAL_NULL_CONVERSION = YES;
				CLANG_WARN_OBJC_IMPLICIT_RETAIN_SELF = YES;
				CLANG_WARN_OBJC_LITERAL_CONVERSION = YES;
				CLANG_WARN_OBJC_ROOT_CLASS = YES_ERROR;
				CLANG_WARN_QUOTED_INCLUDE_IN_FRAMEWORK_HEADER = YES;
				CLANG_WARN_RANGE_LOOP_ANALYSIS = YES;
				CLANG_WARN_STRICT_PROTOTYPES = YES;
				CLANG_WARN_SUSPICIOUS_MOVE = YES;
				CLANG_WARN_UNGUARDED_AVAILABILITY = YES_AGGRESSIVE;
				CLANG_WARN_UNREACHABLE_CODE = YES;
				CLANG_WARN__DUPLICATE_METHOD_MATCH = YES;
				COPY_PHASE_STRIP = NO;
				DEBUG_INFORMATION_FORMAT = dwarf;
				ENABLE_STRICT_OBJC_MSGSEND = YES;
				ENABLE_TESTABILITY = YES;
				GCC_C_LANGUAGE_STANDARD = gnu11;
				GCC_DYNAMIC_NO_PIC = NO;
				GCC_NO_COMMON_BLOCKS = YES;
				GCC_OPTIMIZATION_LEVEL = 0;
				GCC_PREPROCESSOR_DEFINITIONS = (
					"DEBUG=1",
					"$(inherited)",
				);
				GCC_WARN_64_TO_32_BIT_CONVERSION = YES;
				GCC_WARN_ABOUT_RETURN_TYPE = YES_ERROR;
				GCC_WARN_UNDECLARED_SELECTOR = YES;
				GCC_WARN_UNINITIALIZED_AUTOS = YES_AGGRESSIVE;
				GCC_WARN_UNUSED_FUNCTION = YES;
				GCC_WARN_UNUSED_VARIABLE = YES;
				IPHONEOS_DEPLOYMENT_TARGET = 15.2;
				MTL_ENABLE_DEBUG_INFO = INCLUDE_SOURCE;
				MTL_FAST_MATH = YES;
				ONLY_ACTIVE_ARCH = YES;
				SDKROOT = iphoneos;
				SWIFT_ACTIVE_COMPILATION_CONDITIONS = DEBUG;
				SWIFT_OPTIMIZATION_LEVEL = "-Onone";
			};
			name = Debug;
		};
		8CAB6672276F407100DDBAB2 /* Release */ = {
			isa = XCBuildConfiguration;
			buildSettings = {
				ALWAYS_SEARCH_USER_PATHS = NO;
				CLANG_ANALYZER_NONNULL = YES;
				CLANG_ANALYZER_NUMBER_OBJECT_CONVERSION = YES_AGGRESSIVE;
				CLANG_CXX_LANGUAGE_STANDARD = "gnu++17";
				CLANG_CXX_LIBRARY = "libc++";
				CLANG_ENABLE_MODULES = YES;
				CLANG_ENABLE_OBJC_ARC = YES;
				CLANG_ENABLE_OBJC_WEAK = YES;
				CLANG_WARN_BLOCK_CAPTURE_AUTORELEASING = YES;
				CLANG_WARN_BOOL_CONVERSION = YES;
				CLANG_WARN_COMMA = YES;
				CLANG_WARN_CONSTANT_CONVERSION = YES;
				CLANG_WARN_DEPRECATED_OBJC_IMPLEMENTATIONS = YES;
				CLANG_WARN_DIRECT_OBJC_ISA_USAGE = YES_ERROR;
				CLANG_WARN_DOCUMENTATION_COMMENTS = YES;
				CLANG_WARN_EMPTY_BODY = YES;
				CLANG_WARN_ENUM_CONVERSION = YES;
				CLANG_WARN_INFINITE_RECURSION = YES;
				CLANG_WARN_INT_CONVERSION = YES;
				CLANG_WARN_NON_LITERAL_NULL_CONVERSION = YES;
				CLANG_WARN_OBJC_IMPLICIT_RETAIN_SELF = YES;
				CLANG_WARN_OBJC_LITERAL_CONVERSION = YES;
				CLANG_WARN_OBJC_ROOT_CLASS = YES_ERROR;
				CLANG_WARN_QUOTED_INCLUDE_IN_FRAMEWORK_HEADER = YES;
				CLANG_WARN_RANGE_LOOP_ANALYSIS = YES;
				CLANG_WARN_STRICT_PROTOTYPES = YES;
				CLANG_WARN_SUSPICIOUS_MOVE = YES;
				CLANG_WARN_UNGUARDED_AVAILABILITY = YES_AGGRESSIVE;
				CLANG_WARN_UNREACHABLE_CODE = YES;
				CLANG_WARN__DUPLICATE_METHOD_MATCH = YES;
				COPY_PHASE_STRIP = NO;
				DEBUG_INFORMATION_FORMAT = "dwarf-with-dsym";
				ENABLE_NS_ASSERTIONS = NO;
				ENABLE_STRICT_OBJC_MSGSEND = YES;
				GCC_C_LANGUAGE_STANDARD = gnu11;
				GCC_NO_COMMON_BLOCKS = YES;
				GCC_WARN_64_TO_32_BIT_CONVERSION = YES;
				GCC_WARN_ABOUT_RETURN_TYPE = YES_ERROR;
				GCC_WARN_UNDECLARED_SELECTOR = YES;
				GCC_WARN_UNINITIALIZED_AUTOS = YES_AGGRESSIVE;
				GCC_WARN_UNUSED_FUNCTION = YES;
				GCC_WARN_UNUSED_VARIABLE = YES;
				IPHONEOS_DEPLOYMENT_TARGET = 15.2;
				MTL_ENABLE_DEBUG_INFO = NO;
				MTL_FAST_MATH = YES;
				SDKROOT = iphoneos;
				SWIFT_COMPILATION_MODE = wholemodule;
				SWIFT_OPTIMIZATION_LEVEL = "-O";
				VALIDATE_PRODUCT = YES;
			};
			name = Release;
		};
		8CAB6674276F407100DDBAB2 /* Debug */ = {
			isa = XCBuildConfiguration;
			buildSettings = {
				ASSETCATALOG_COMPILER_APPICON_NAME = AppIcon;
				ASSETCATALOG_COMPILER_GLOBAL_ACCENT_COLOR_NAME = AccentColor;
				CODE_SIGN_STYLE = Automatic;
				CURRENT_PROJECT_VERSION = 1;
				DEVELOPMENT_ASSET_PATHS = "AppSUI04HW/Preview\\ Content";
				DEVELOPMENT_TEAM = UQ9MX864MH;
				ENABLE_PREVIEWS = YES;
				GENERATE_INFOPLIST_FILE = YES;
				INFOPLIST_KEY_UIApplicationSceneManifest_Generation = YES;
				INFOPLIST_KEY_UIApplicationSupportsIndirectInputEvents = YES;
				INFOPLIST_KEY_UILaunchScreen_Generation = YES;
				INFOPLIST_KEY_UISupportedInterfaceOrientations_iPad = "UIInterfaceOrientationPortrait UIInterfaceOrientationPortraitUpsideDown UIInterfaceOrientationLandscapeLeft UIInterfaceOrientationLandscapeRight";
				INFOPLIST_KEY_UISupportedInterfaceOrientations_iPhone = "UIInterfaceOrientationPortrait UIInterfaceOrientationLandscapeLeft UIInterfaceOrientationLandscapeRight";
				LD_RUNPATH_SEARCH_PATHS = (
					"$(inherited)",
					"@executable_path/Frameworks",
				);
				MARKETING_VERSION = 1.0;
				PRODUCT_BUNDLE_IDENTIFIER = com.zakk.AppSUI04HW;
				PRODUCT_NAME = AppSUI04HW;
				SWIFT_EMIT_LOC_STRINGS = YES;
				SWIFT_VERSION = 5.0;
				TARGETED_DEVICE_FAMILY = "1,2";
			};
			name = Debug;
		};
		8CAB6675276F407100DDBAB2 /* Release */ = {
			isa = XCBuildConfiguration;
			buildSettings = {
				ASSETCATALOG_COMPILER_APPICON_NAME = AppIcon;
				ASSETCATALOG_COMPILER_GLOBAL_ACCENT_COLOR_NAME = AccentColor;
				CODE_SIGN_STYLE = Automatic;
				CURRENT_PROJECT_VERSION = 1;
				DEVELOPMENT_ASSET_PATHS = "AppSUI04HW/Preview\\ Content";
				DEVELOPMENT_TEAM = UQ9MX864MH;
				ENABLE_PREVIEWS = YES;
				GENERATE_INFOPLIST_FILE = YES;
				INFOPLIST_KEY_UIApplicationSceneManifest_Generation = YES;
				INFOPLIST_KEY_UIApplicationSupportsIndirectInputEvents = YES;
				INFOPLIST_KEY_UILaunchScreen_Generation = YES;
				INFOPLIST_KEY_UISupportedInterfaceOrientations_iPad = "UIInterfaceOrientationPortrait UIInterfaceOrientationPortraitUpsideDown UIInterfaceOrientationLandscapeLeft UIInterfaceOrientationLandscapeRight";
				INFOPLIST_KEY_UISupportedInterfaceOrientations_iPhone = "UIInterfaceOrientationPortrait UIInterfaceOrientationLandscapeLeft UIInterfaceOrientationLandscapeRight";
				LD_RUNPATH_SEARCH_PATHS = (
					"$(inherited)",
					"@executable_path/Frameworks",
				);
				MARKETING_VERSION = 1.0;
				PRODUCT_BUNDLE_IDENTIFIER = com.zakk.AppSUI04HW;
				PRODUCT_NAME = AppSUI04HW;
				SWIFT_EMIT_LOC_STRINGS = YES;
				SWIFT_VERSION = 5.0;
				TARGETED_DEVICE_FAMILY = "1,2";
			};
			name = Release;
		};
/* End XCBuildConfiguration section */

/* Begin XCConfigurationList section */
		8CAB6660276F407000DDBAB2 /* Build configuration list for PBXProject "AppSUI04HW" */ = {
			isa = XCConfigurationList;
			buildConfigurations = (
				8CAB6671276F407100DDBAB2 /* Debug */,
				8CAB6672276F407100DDBAB2 /* Release */,
			);
			defaultConfigurationIsVisible = 0;
			defaultConfigurationName = Release;
		};
		8CAB6673276F407100DDBAB2 /* Build configuration list for PBXNativeTarget "AppSUI04HW" */ = {
			isa = XCConfigurationList;
			buildConfigurations = (
				8CAB6674276F407100DDBAB2 /* Debug */,
				8CAB6675276F407100DDBAB2 /* Release */,
			);
			defaultConfigurationIsVisible = 0;
			defaultConfigurationName = Release;
		};
/* End XCConfigurationList section */

/* Begin XCRemoteSwiftPackageReference section */
		8C8372472794535500883024 /* XCRemoteSwiftPackageReference "AnyCodable" */ = {
			isa = XCRemoteSwiftPackageReference;
			repositoryURL = "https://github.com/Flight-School/AnyCodable";
			requirement = {
				kind = upToNextMajorVersion;
				minimumVersion = 0.6.2;
			};
		};
/* End XCRemoteSwiftPackageReference section */

/* Begin XCSwiftPackageProductDependency section */
		8C3717F52778A630008DDC35 /* Networking */ = {
			isa = XCSwiftPackageProductDependency;
			productName = Networking;
		};
		8C44F52E279447CA002B22A3 /* ServiceLocator */ = {
			isa = XCSwiftPackageProductDependency;
			productName = ServiceLocator;
		};
		8C64E87B2778FD2300B9C1B2 /* Navigation */ = {
			isa = XCSwiftPackageProductDependency;
			productName = Navigation;
		};
		8C6EF2BE2793246200B4DEFE /* UIComponents */ = {
			isa = XCSwiftPackageProductDependency;
			productName = UIComponents;
		};
		8C8372482794535500883024 /* AnyCodable */ = {
			isa = XCSwiftPackageProductDependency;
			package = 8C8372472794535500883024 /* XCRemoteSwiftPackageReference "AnyCodable" */;
			productName = AnyCodable;
		};
/* End XCSwiftPackageProductDependency section */
	};
	rootObject = 8CAB665D276F407000DDBAB2 /* Project object */;
}
